
Microsoft Visual Studio Solution File, Format Version 12.00
# Visual Studio Version 17
VisualStudioVersion = 17.7.34009.444
MinimumVisualStudioVersion = 10.0.40219.1
Project("{FAE04EC0-301F-11D3-BF4B-00C04F79EFBC}") = "Anfiteatro", "Anfiteatro.csproj", "{83EC0B55-1A63-4878-A08B-A8273ED36EA1}"
EndProject
Global
	GlobalSection(SolutionConfigurationPlatforms) = preSolution
		Debug|Any CPU = Debug|Any CPU
		Release|Any CPU = Release|Any CPU
	EndGlobalSection
	GlobalSection(ProjectConfigurationPlatforms) = postSolution
		{83EC0B55-1A63-4878-A08B-A8273ED36EA1}.Debug|Any CPU.ActiveCfg = Debug|Any CPU
		{83EC0B55-1A63-4878-A08B-A8273ED36EA1}.Debug|Any CPU.Build.0 = Debug|Any CPU
		{83EC0B55-1A63-4878-A08B-A8273ED36EA1}.Release|Any CPU.ActiveCfg = Release|Any CPU
		{83EC0B55-1A63-4878-A08B-A8273ED36EA1}.Release|Any CPU.Build.0 = Release|Any CPU
	EndGlobalSection
	GlobalSection(SolutionProperties) = preSolution
		HideSolutionNode = FALSE
	EndGlobalSection
	GlobalSection(ExtensibilityGlobals) = postSolution
		SolutionGuid = {FE66122B-B643-478A-A683-4DB9F9C2EC8E}
	EndGlobalSection
EndGlobal
